
Microsoft Visual Studio Solution File, Format Version 12.00
# Visual Studio Version 17
VisualStudioVersion = 17.12.35728.132 d17.12
MinimumVisualStudioVersion = 10.0.40219.1
Project("{FAE04EC0-301F-11D3-BF4B-00C04F79EFBC}") = "ConquerKey", "ConquerKey\ConquerKey.csproj", "{FC127548-7984-42D5-B182-2EE65FC20C28}"
EndProject
Project("{FAE04EC0-301F-11D3-BF4B-00C04F79EFBC}") = "ConquerKey.Test", "ConquerKey.Test\ConquerKey.Test.csproj", "{603A940B-DEA8-4686-B038-38791C11F36E}"
EndProject
Global
	GlobalSection(SolutionConfigurationPlatforms) = preSolution
		Debug|Any CPU = Debug|Any CPU
		Release|Any CPU = Release|Any CPU
	EndGlobalSection
	GlobalSection(ProjectConfigurationPlatforms) = postSolution
		{FC127548-7984-42D5-B182-2EE65FC20C28}.Debug|Any CPU.ActiveCfg = Debug|Any CPU
		{FC127548-7984-42D5-B182-2EE65FC20C28}.Debug|Any CPU.Build.0 = Debug|Any CPU
		{FC127548-7984-42D5-B182-2EE65FC20C28}.Release|Any CPU.ActiveCfg = Release|Any CPU
		{FC127548-7984-42D5-B182-2EE65FC20C28}.Release|Any CPU.Build.0 = Release|Any CPU
		{603A940B-DEA8-4686-B038-38791C11F36E}.Debug|Any CPU.ActiveCfg = Debug|Any CPU
		{603A940B-DEA8-4686-B038-38791C11F36E}.Debug|Any CPU.Build.0 = Debug|Any CPU
		{603A940B-DEA8-4686-B038-38791C11F36E}.Release|Any CPU.ActiveCfg = Release|Any CPU
	EndGlobalSection
	GlobalSection(SolutionProperties) = preSolution
		HideSolutionNode = FALSE
	EndGlobalSection
EndGlobal
